
Microsoft Visual Studio Solution File, Format Version 12.00
# Visual Studio Version 16
VisualStudioVersion = 16.0.29806.167
MinimumVisualStudioVersion = 10.0.40219.1
Project("{2150E333-8FDC-42A3-9474-1A3956D46DE8}") = "CM.Business", "CM.Business", "{2B021EAC-CED6-4C60-BDD2-408BA35645B7}"
EndProject
Project("{2150E333-8FDC-42A3-9474-1A3956D46DE8}") = "CM.Data", "CM.Data", "{3D3099F2-C68C-4256-B203-76B1E090FFBC}"
EndProject
Project("{9A19103F-16F7-4668-BE54-9A1E7A4F7556}") = "CM.Data.Repositories", "CM.Data.Repositories\CM.Data.Repositories.csproj", "{77E35F84-8689-42BD-B3E8-0731F4716479}"
EndProject
Project("{2150E333-8FDC-42A3-9474-1A3956D46DE8}") = "CM.WebAPI", "CM.WebAPI", "{A2E62F85-0A9C-40E1-AA13-FCE1CEF48300}"
EndProject
Project("{9A19103F-16F7-4668-BE54-9A1E7A4F7556}") = "CM.Business.Services", "CM.Business.Services\CM.Business.Services.csproj", "{B14BCAB6-4DD5-41C7-B5D5-2D18FD958292}"
EndProject
Project("{2150E333-8FDC-42A3-9474-1A3956D46DE8}") = "CM.Common", "CM.Common", "{8782684B-AFD2-4BFC-8E02-5B9F0332A560}"
EndProject
Project("{9A19103F-16F7-4668-BE54-9A1E7A4F7556}") = "CM.Common.Utilities", "CM.Common.Utilities\CM.Common.Utilities.csproj", "{7F2B65F6-EA1B-4589-864D-97E9F8B04BC6}"
EndProject
Project("{2150E333-8FDC-42A3-9474-1A3956D46DE8}") = "CM.Scheduler", "CM.Scheduler", "{54BADF7C-BE2C-4485-90A6-D585711E6A6B}"
EndProject
Project("{9A19103F-16F7-4668-BE54-9A1E7A4F7556}") = "CM.Scheduler.Task", "CM.Scheduler.Task\CM.Scheduler.Task.csproj", "{8A7ACDD6-97AF-4B56-AF3F-1BEAD980D1CB}"
EndProject
Project("{9A19103F-16F7-4668-BE54-9A1E7A4F7556}") = "CM.UserResolverService", "CM.UserResolverService\CM.UserResolverService.csproj", "{047F3476-88B7-45E8-948C-92BFF429A763}"
EndProject
Project("{9A19103F-16F7-4668-BE54-9A1E7A4F7556}") = "CM.Business.Entities", "CM.Business.Entities\CM.Business.Entities.csproj", "{B4B020BF-F661-4344-BFCE-10860B2C7C76}"
EndProject
Project("{9A19103F-16F7-4668-BE54-9A1E7A4F7556}") = "CM.WebAPI", "CM.WebAPI\CM.WebAPI.csproj", "{F450FB7B-3586-4DDE-8EF9-9FF60557D552}"
EndProject
Project("{9A19103F-16F7-4668-BE54-9A1E7A4F7556}") = "CM.Data.Model", "CM.Data.Model\CM.Data.Model.csproj", "{75CB10E2-420F-4D49-92F6-76D3AEFE8A16}"
EndProject
Project("{E53339B2-1760-4266-BCC7-CA923CBCF16C}") = "docker-compose", "docker-compose.dcproj", "{B82BDC0D-3F99-46BD-9ED7-E32E6AC0246B}"
EndProject
Project("{2150E333-8FDC-42A3-9474-1A3956D46DE8}") = "Solution Items", "Solution Items", "{CB0E709E-EA71-48D0-8A73-84FBFECD8D96}"
	ProjectSection(SolutionItems) = preProject
		.editorconfig = .editorconfig
		StyleCopeRules.ruleset = StyleCopeRules.ruleset
		cSpell.json = cSpell.json
	EndProjectSection
EndProject
Project("{2150E333-8FDC-42A3-9474-1A3956D46DE8}") = "CM.Messages", "CM.Messages", "{C87D127C-FBC2-470F-B5CC-B92943FFB22C}"
EndProject
Project("{9A19103F-16F7-4668-BE54-9A1E7A4F7556}") = "CM.Messages", "CM.Messages\CM.Messages.csproj", "{72E58E98-6EEC-48FB-A92E-87DEA6AF98C7}"
EndProject
Project("{2150E333-8FDC-42A3-9474-1A3956D46DE8}") = "CM.Services", "CM.Services", "{07C7656D-B0CB-4331-AB34-071BFBA8B82E}"
EndProject
Project("{9A19103F-16F7-4668-BE54-9A1E7A4F7556}") = "CM.Business.Services.IntegrationEvents", "CM.Business.Services.IntegrationEvents\CM.Business.Services.IntegrationEvents.csproj", "{536025B9-8BD2-4BD1-A291-B028FB839443}"
EndProject
Project("{2150E333-8FDC-42A3-9474-1A3956D46DE8}") = "PdfConvertor", "PdfConvertor", "{A9AA5AA2-2AA2-423A-8A28-7A6A54AD1B2F}"
EndProject
Project("{9A19103F-16F7-4668-BE54-9A1E7A4F7556}") = "PdfService", "CM.Services\PdfConvertor\PdfService\PdfService.csproj", "{A3B5A40E-0BDB-486D-AC80-2647D7EEDA51}"
EndProject
Project("{2150E333-8FDC-42A3-9474-1A3956D46DE8}") = "EmailGenerator", "EmailGenerator", "{C28D25CA-9294-4CB8-8972-2D1EC676738F}"
EndProject
Project("{2150E333-8FDC-42A3-9474-1A3956D46DE8}") = "EmailNotification", "EmailNotification", "{108BF341-8074-4AB3-B14C-4F50C002F9BD}"
EndProject
Project("{9A19103F-16F7-4668-BE54-9A1E7A4F7556}") = "EmailGeneratorService", "CM.Services\EmailGenerator\EmailGeneratorService\EmailGeneratorService.csproj", "{571B8E30-85DB-454C-8553-985BBE6EFEF4}"
EndProject
Project("{9A19103F-16F7-4668-BE54-9A1E7A4F7556}") = "EmailNotificationService", "CM.Services\EmailNotification\EmailNotificationService\EmailNotificationService.csproj", "{C0D3C6AC-139B-4F14-A11D-3C2BE68B04E4}"
EndProject
Project("{9A19103F-16F7-4668-BE54-9A1E7A4F7556}") = "CM.ServiceBase", "CM.Services\CM.ServiceBase\CM.ServiceBase.csproj", "{21B641A4-B363-471C-B964-236896E476CE}"
EndProject
Project("{9A19103F-16F7-4668-BE54-9A1E7A4F7556}") = "PostedDecisionService", "CM.Services\PostedDecision\PostedDecisionService\PostedDecisionService.csproj", "{906FFF47-3060-47C9-87A7-19F525A99B9B}"
EndProject
Project("{9A19103F-16F7-4668-BE54-9A1E7A4F7556}") = "PostedDecisionDataCollectorService", "CM.Services\PostedDecisionDataCollector\PostedDecisionDataCollectorService\PostedDecisionDataCollectorService.csproj", "{A152E132-AC48-4A4C-9336-9740F48D7EE8}"
EndProject
Project("{2150E333-8FDC-42A3-9474-1A3956D46DE8}") = "PostedDecision", "PostedDecision", "{189AF891-DAF4-4680-80FE-A82DAF863117}"
EndProject
Project("{2150E333-8FDC-42A3-9474-1A3956D46DE8}") = "PostedDecisionDataCollector", "PostedDecisionDataCollector", "{008DDF27-43F0-46F1-B78F-76E728B86F67}"
EndProject
Project("{2150E333-8FDC-42A3-9474-1A3956D46DE8}") = "DataWarehouse", "DataWarehouse", "{A404D80F-DA5E-49B1-9799-34547D111213}"
EndProject
Project("{9A19103F-16F7-4668-BE54-9A1E7A4F7556}") = "DataWarehouseDataModel", "CM.Services\DataWarehouse\DataWarehouseDataModel\DataWarehouseDataModel.csproj", "{B838DF2B-1B46-46C7-8856-135A780E2FFE}"
EndProject
Project("{9A19103F-16F7-4668-BE54-9A1E7A4F7556}") = "DataWarehouseRepository", "CM.Services\DataWarehouse\DataWarehouseRepository\DataWarehouseRepository.csproj", "{DA0AF45C-53AA-4038-BABC-9E2764F0E015}"
EndProject
Project("{9A19103F-16F7-4668-BE54-9A1E7A4F7556}") = "FactDisputeService", "CM.Services\DataWarehouse\FactDisputeService\FactDisputeService.csproj", "{6F42DA1C-AA85-4642-AAA3-28DB5F33C492}"
EndProject
Project("{2150E333-8FDC-42A3-9474-1A3956D46DE8}") = "CM.Integration.Tests", "CM.Integration.Tests", "{285867A2-2AF6-4993-AA38-89143E00FB86}"
EndProject
Project("{2150E333-8FDC-42A3-9474-1A3956D46DE8}") = "AdHocReportSender", "AdHocReportSender", "{2E61FFD6-6588-4C86-A48E-FC8244675CC9}"
EndProject
Project("{9A19103F-16F7-4668-BE54-9A1E7A4F7556}") = "AdHocReportSenderService", "CM.Services\AdHocReportSender\AdHocReportSenderService\AdHocReportSenderService.csproj", "{4AE3D367-AF81-4C3C-B592-8CCE6EB8C3A2}"
EndProject
Project("{9A19103F-16F7-4668-BE54-9A1E7A4F7556}") = "CM.Common.ChunkedFileUpload", "CM.Common.ChunkedFileUpload\CM.Common.ChunkedFileUpload.csproj", "{5A888B39-47F9-43B3-AE80-8DFEEB49246C}"
EndProject
Project("{2150E333-8FDC-42A3-9474-1A3956D46DE8}") = "ReconciliationReportGenerator", "ReconciliationReportGenerator", "{E41A364C-573B-4462-B402-72E0C594F98B}"
EndProject
Project("{2150E333-8FDC-42A3-9474-1A3956D46DE8}") = "ReconciliationReportSender", "ReconciliationReportSender", "{7895C621-7682-4249-A201-594CD20D15EC}"
EndProject
Project("{9A19103F-16F7-4668-BE54-9A1E7A4F7556}") = "ReconciliationReportGeneratorService", "CM.Services\ReconciliationReportGenerator\ReconciliationReportGeneratorService\ReconciliationReportGeneratorService.csproj", "{9350AE6E-4ACA-462C-B981-884073641415}"
EndProject
Project("{9A19103F-16F7-4668-BE54-9A1E7A4F7556}") = "ReconciliationReportSenderService", "CM.Services\ReconciliationReportSender\ReconciliationReportSenderService\ReconciliationReportSenderService.csproj", "{9458D561-D564-4B52-8713-5435D5F1D83A}"
EndProject
Project("{9A19103F-16F7-4668-BE54-9A1E7A4F7556}") = "CM.Integration.Tests", "CM.Integration.Tests\CM.Integration.Tests.csproj", "{52B4F61B-DB8F-4264-B0FA-3AB051D8418B}"
EndProject
Project("{2150E333-8FDC-42A3-9474-1A3956D46DE8}") = "CM.Storage", "CM.Storage", "{45780333-8791-4683-901B-2DFFF500FE08}"
EndProject
Project("{9A19103F-16F7-4668-BE54-9A1E7A4F7556}") = "CM.Storage", "CM.Storage\CM.Storage\CM.Storage.csproj", "{BC410DA6-26B5-4BBF-B98C-3D04A78C016B}"
EndProject
Project("{9A19103F-16F7-4668-BE54-9A1E7A4F7556}") = "CM.Storage.FileSystem", "CM.Storage\CM.Storage.FileSystem\CM.Storage.FileSystem.csproj", "{B95AC374-7F97-4263-8A17-C24A1AB18617}"
EndProject
Project("{9A19103F-16F7-4668-BE54-9A1E7A4F7556}") = "CM.Storage.AmazonS3", "CM.Storage\CM.Storage.AmazonS3\CM.Storage.AmazonS3.csproj", "{DDF9202B-8A79-4E20-8223-8A098B577D81}"
EndProject
Project("{9A19103F-16F7-4668-BE54-9A1E7A4F7556}") = "GraphQl.Extensions", "GraphQl.Extensions\GraphQl.Extensions.csproj", "{A7C2EDAC-DE6B-43D2-B44C-771D15FEAB65}"
EndProject
Project("{2150E333-8FDC-42A3-9474-1A3956D46DE8}") = "DataWarehouseReporting", "DataWarehouseReporting", "{687DE0A4-6AE5-453C-A1DA-E98E665B389E}"
EndProject
Project("{9A19103F-16F7-4668-BE54-9A1E7A4F7556}") = "DataWarehouseReporting.GraphQL", "CM.Services\DataWarehouseReporting\DataWarehouseReporting.GraphQL\DataWarehouseReporting.GraphQL.csproj", "{2BA7B959-8938-468A-8A2A-DA63B320A542}"
EndProject
Project("{9A19103F-16F7-4668-BE54-9A1E7A4F7556}") = "DataWarehouseReporting.API", "CM.Services\DataWarehouseReporting\DataWarehouseReporting.API\DataWarehouseReporting.API.csproj", "{9B90C35F-FA11-49C7-A32F-21A5C6AC36D8}"
EndProject
Project("{9A19103F-16F7-4668-BE54-9A1E7A4F7556}") = "DataWarehouseReporting.Data", "CM.Services\DataWarehouseReporting\DataWarehouseReporting.Data\DataWarehouseReporting.Data.csproj", "{57FAAA98-3A73-458C-B237-68AA14494CFA}"
EndProject
Project("{2150E333-8FDC-42A3-9474-1A3956D46DE8}") = "CM.FileSystem", "CM.FileSystem", "{F39A2F39-FFF2-4C4A-82B2-6279DEBBAB37}"
EndProject
Project("{9A19103F-16F7-4668-BE54-9A1E7A4F7556}") = "CM.FileSystem.Service", "CM.FileSystem.Service\CM.FileSystem.Service.csproj", "{F2D0DEA2-1F48-4D9A-BA6E-FA1A727B3A74}"
EndProject
Project("{2150E333-8FDC-42A3-9474-1A3956D46DE8}") = "CM.Api.Gateway", "CM.Api.Gateway", "{510BB654-0E84-465C-AA59-C9CE92849BFB}"
EndProject
Project("{FAE04EC0-301F-11D3-BF4B-00C04F79EFBC}") = "ApiGateway", "CM.Api.Gateway\ApiGateway\ApiGateway.csproj", "{CA0ADD36-B4B9-485D-94D0-24E7B3E6F440}"
EndProject
Project("{FAE04EC0-301F-11D3-BF4B-00C04F79EFBC}") = "CM.ElasticSearch", "CM.ElasticSearch\CM.ElasticSearch.csproj", "{5992141E-5372-4E05-9DC3-A6231C26A005}"
EndProject
Project("{FAE04EC0-301F-11D3-BF4B-00C04F79EFBC}") = "CM.SFTP", "CM.SFTP\CM.SFTP.csproj", "{7224CD39-1BF8-4674-A7F6-D5432660EDC5}"
EndProject
Project("{FAE04EC0-301F-11D3-BF4B-00C04F79EFBC}") = "CM.Business.Services.Interfaces", "CM.Business.Services.Interfaces\CM.Business.Services.Interfaces.csproj", "{B40B726D-13DF-4896-9FE7-74AB4AA47E5D}"
EndProject
Project("{FAE04EC0-301F-11D3-BF4B-00C04F79EFBC}") = "CM.FTP", "CM.FTP\CM.FTP.csproj", "{F620D128-6AC3-4361-BCBC-1501EA43251E}"
EndProject
Global
	GlobalSection(SolutionConfigurationPlatforms) = preSolution
		Debug|Any CPU = Debug|Any CPU
		DevServer|Any CPU = DevServer|Any CPU
		Release|Any CPU = Release|Any CPU
		StagingServer|Any CPU = StagingServer|Any CPU
	EndGlobalSection
	GlobalSection(ProjectConfigurationPlatforms) = postSolution
		{77E35F84-8689-42BD-B3E8-0731F4716479}.Debug|Any CPU.ActiveCfg = Debug|Any CPU
		{77E35F84-8689-42BD-B3E8-0731F4716479}.Debug|Any CPU.Build.0 = Debug|Any CPU
		{77E35F84-8689-42BD-B3E8-0731F4716479}.DevServer|Any CPU.ActiveCfg = DevServer|Any CPU
		{77E35F84-8689-42BD-B3E8-0731F4716479}.DevServer|Any CPU.Build.0 = DevServer|Any CPU
		{77E35F84-8689-42BD-B3E8-0731F4716479}.Release|Any CPU.ActiveCfg = Release|Any CPU
		{77E35F84-8689-42BD-B3E8-0731F4716479}.Release|Any CPU.Build.0 = Release|Any CPU
		{77E35F84-8689-42BD-B3E8-0731F4716479}.StagingServer|Any CPU.ActiveCfg = StagingServer|Any CPU
		{77E35F84-8689-42BD-B3E8-0731F4716479}.StagingServer|Any CPU.Build.0 = StagingServer|Any CPU
		{B14BCAB6-4DD5-41C7-B5D5-2D18FD958292}.Debug|Any CPU.ActiveCfg = Debug|Any CPU
		{B14BCAB6-4DD5-41C7-B5D5-2D18FD958292}.Debug|Any CPU.Build.0 = Debug|Any CPU
		{B14BCAB6-4DD5-41C7-B5D5-2D18FD958292}.DevServer|Any CPU.ActiveCfg = DevServer|Any CPU
		{B14BCAB6-4DD5-41C7-B5D5-2D18FD958292}.DevServer|Any CPU.Build.0 = DevServer|Any CPU
		{B14BCAB6-4DD5-41C7-B5D5-2D18FD958292}.Release|Any CPU.ActiveCfg = Release|Any CPU
		{B14BCAB6-4DD5-41C7-B5D5-2D18FD958292}.Release|Any CPU.Build.0 = Release|Any CPU
		{B14BCAB6-4DD5-41C7-B5D5-2D18FD958292}.StagingServer|Any CPU.ActiveCfg = StagingServer|Any CPU
		{B14BCAB6-4DD5-41C7-B5D5-2D18FD958292}.StagingServer|Any CPU.Build.0 = StagingServer|Any CPU
		{7F2B65F6-EA1B-4589-864D-97E9F8B04BC6}.Debug|Any CPU.ActiveCfg = Debug|Any CPU
		{7F2B65F6-EA1B-4589-864D-97E9F8B04BC6}.Debug|Any CPU.Build.0 = Debug|Any CPU
		{7F2B65F6-EA1B-4589-864D-97E9F8B04BC6}.DevServer|Any CPU.ActiveCfg = DevServer|Any CPU
		{7F2B65F6-EA1B-4589-864D-97E9F8B04BC6}.DevServer|Any CPU.Build.0 = DevServer|Any CPU
		{7F2B65F6-EA1B-4589-864D-97E9F8B04BC6}.Release|Any CPU.ActiveCfg = Release|Any CPU
		{7F2B65F6-EA1B-4589-864D-97E9F8B04BC6}.Release|Any CPU.Build.0 = Release|Any CPU
		{7F2B65F6-EA1B-4589-864D-97E9F8B04BC6}.StagingServer|Any CPU.ActiveCfg = StagingServer|Any CPU
		{7F2B65F6-EA1B-4589-864D-97E9F8B04BC6}.StagingServer|Any CPU.Build.0 = StagingServer|Any CPU
		{8A7ACDD6-97AF-4B56-AF3F-1BEAD980D1CB}.Debug|Any CPU.ActiveCfg = Debug|Any CPU
		{8A7ACDD6-97AF-4B56-AF3F-1BEAD980D1CB}.Debug|Any CPU.Build.0 = Debug|Any CPU
		{8A7ACDD6-97AF-4B56-AF3F-1BEAD980D1CB}.DevServer|Any CPU.ActiveCfg = DevServer|Any CPU
		{8A7ACDD6-97AF-4B56-AF3F-1BEAD980D1CB}.DevServer|Any CPU.Build.0 = DevServer|Any CPU
		{8A7ACDD6-97AF-4B56-AF3F-1BEAD980D1CB}.Release|Any CPU.ActiveCfg = Release|Any CPU
		{8A7ACDD6-97AF-4B56-AF3F-1BEAD980D1CB}.Release|Any CPU.Build.0 = Release|Any CPU
		{8A7ACDD6-97AF-4B56-AF3F-1BEAD980D1CB}.StagingServer|Any CPU.ActiveCfg = StagingServer|Any CPU
		{8A7ACDD6-97AF-4B56-AF3F-1BEAD980D1CB}.StagingServer|Any CPU.Build.0 = StagingServer|Any CPU
		{047F3476-88B7-45E8-948C-92BFF429A763}.Debug|Any CPU.ActiveCfg = Debug|Any CPU
		{047F3476-88B7-45E8-948C-92BFF429A763}.Debug|Any CPU.Build.0 = Debug|Any CPU
		{047F3476-88B7-45E8-948C-92BFF429A763}.DevServer|Any CPU.ActiveCfg = DevServer|Any CPU
		{047F3476-88B7-45E8-948C-92BFF429A763}.DevServer|Any CPU.Build.0 = DevServer|Any CPU
		{047F3476-88B7-45E8-948C-92BFF429A763}.Release|Any CPU.ActiveCfg = Release|Any CPU
		{047F3476-88B7-45E8-948C-92BFF429A763}.Release|Any CPU.Build.0 = Release|Any CPU
		{047F3476-88B7-45E8-948C-92BFF429A763}.StagingServer|Any CPU.ActiveCfg = StagingServer|Any CPU
		{047F3476-88B7-45E8-948C-92BFF429A763}.StagingServer|Any CPU.Build.0 = StagingServer|Any CPU
		{B4B020BF-F661-4344-BFCE-10860B2C7C76}.Debug|Any CPU.ActiveCfg = Debug|Any CPU
		{B4B020BF-F661-4344-BFCE-10860B2C7C76}.Debug|Any CPU.Build.0 = Debug|Any CPU
		{B4B020BF-F661-4344-BFCE-10860B2C7C76}.DevServer|Any CPU.ActiveCfg = DevServer|Any CPU
		{B4B020BF-F661-4344-BFCE-10860B2C7C76}.DevServer|Any CPU.Build.0 = DevServer|Any CPU
		{B4B020BF-F661-4344-BFCE-10860B2C7C76}.Release|Any CPU.ActiveCfg = Release|Any CPU
		{B4B020BF-F661-4344-BFCE-10860B2C7C76}.Release|Any CPU.Build.0 = Release|Any CPU
		{B4B020BF-F661-4344-BFCE-10860B2C7C76}.StagingServer|Any CPU.ActiveCfg = StagingServer|Any CPU
		{B4B020BF-F661-4344-BFCE-10860B2C7C76}.StagingServer|Any CPU.Build.0 = StagingServer|Any CPU
		{F450FB7B-3586-4DDE-8EF9-9FF60557D552}.Debug|Any CPU.ActiveCfg = Debug|Any CPU
		{F450FB7B-3586-4DDE-8EF9-9FF60557D552}.Debug|Any CPU.Build.0 = Debug|Any CPU
		{F450FB7B-3586-4DDE-8EF9-9FF60557D552}.DevServer|Any CPU.ActiveCfg = DevServer|Any CPU
		{F450FB7B-3586-4DDE-8EF9-9FF60557D552}.DevServer|Any CPU.Build.0 = DevServer|Any CPU
		{F450FB7B-3586-4DDE-8EF9-9FF60557D552}.Release|Any CPU.ActiveCfg = Release|Any CPU
		{F450FB7B-3586-4DDE-8EF9-9FF60557D552}.Release|Any CPU.Build.0 = Release|Any CPU
		{F450FB7B-3586-4DDE-8EF9-9FF60557D552}.StagingServer|Any CPU.ActiveCfg = StagingServer|Any CPU
		{F450FB7B-3586-4DDE-8EF9-9FF60557D552}.StagingServer|Any CPU.Build.0 = StagingServer|Any CPU
		{75CB10E2-420F-4D49-92F6-76D3AEFE8A16}.Debug|Any CPU.ActiveCfg = Debug|Any CPU
		{75CB10E2-420F-4D49-92F6-76D3AEFE8A16}.Debug|Any CPU.Build.0 = Debug|Any CPU
		{75CB10E2-420F-4D49-92F6-76D3AEFE8A16}.DevServer|Any CPU.ActiveCfg = Debug|Any CPU
		{75CB10E2-420F-4D49-92F6-76D3AEFE8A16}.DevServer|Any CPU.Build.0 = Debug|Any CPU
		{75CB10E2-420F-4D49-92F6-76D3AEFE8A16}.Release|Any CPU.ActiveCfg = Release|Any CPU
		{75CB10E2-420F-4D49-92F6-76D3AEFE8A16}.Release|Any CPU.Build.0 = Release|Any CPU
		{75CB10E2-420F-4D49-92F6-76D3AEFE8A16}.StagingServer|Any CPU.ActiveCfg = Debug|Any CPU
		{75CB10E2-420F-4D49-92F6-76D3AEFE8A16}.StagingServer|Any CPU.Build.0 = Debug|Any CPU
		{B82BDC0D-3F99-46BD-9ED7-E32E6AC0246B}.Debug|Any CPU.ActiveCfg = Debug|Any CPU
		{B82BDC0D-3F99-46BD-9ED7-E32E6AC0246B}.DevServer|Any CPU.ActiveCfg = Debug|Any CPU
		{B82BDC0D-3F99-46BD-9ED7-E32E6AC0246B}.Release|Any CPU.ActiveCfg = Release|Any CPU
		{B82BDC0D-3F99-46BD-9ED7-E32E6AC0246B}.StagingServer|Any CPU.ActiveCfg = Debug|Any CPU
		{72E58E98-6EEC-48FB-A92E-87DEA6AF98C7}.Debug|Any CPU.ActiveCfg = Debug|Any CPU
		{72E58E98-6EEC-48FB-A92E-87DEA6AF98C7}.Debug|Any CPU.Build.0 = Debug|Any CPU
		{72E58E98-6EEC-48FB-A92E-87DEA6AF98C7}.DevServer|Any CPU.ActiveCfg = Release|Any CPU
		{72E58E98-6EEC-48FB-A92E-87DEA6AF98C7}.DevServer|Any CPU.Build.0 = Release|Any CPU
		{72E58E98-6EEC-48FB-A92E-87DEA6AF98C7}.Release|Any CPU.ActiveCfg = Release|Any CPU
		{72E58E98-6EEC-48FB-A92E-87DEA6AF98C7}.Release|Any CPU.Build.0 = Release|Any CPU
		{72E58E98-6EEC-48FB-A92E-87DEA6AF98C7}.StagingServer|Any CPU.ActiveCfg = Release|Any CPU
		{72E58E98-6EEC-48FB-A92E-87DEA6AF98C7}.StagingServer|Any CPU.Build.0 = Release|Any CPU
		{536025B9-8BD2-4BD1-A291-B028FB839443}.Debug|Any CPU.ActiveCfg = Debug|Any CPU
		{536025B9-8BD2-4BD1-A291-B028FB839443}.Debug|Any CPU.Build.0 = Debug|Any CPU
		{536025B9-8BD2-4BD1-A291-B028FB839443}.DevServer|Any CPU.ActiveCfg = Release|Any CPU
		{536025B9-8BD2-4BD1-A291-B028FB839443}.DevServer|Any CPU.Build.0 = Release|Any CPU
		{536025B9-8BD2-4BD1-A291-B028FB839443}.Release|Any CPU.ActiveCfg = Release|Any CPU
		{536025B9-8BD2-4BD1-A291-B028FB839443}.Release|Any CPU.Build.0 = Release|Any CPU
		{536025B9-8BD2-4BD1-A291-B028FB839443}.StagingServer|Any CPU.ActiveCfg = Release|Any CPU
		{536025B9-8BD2-4BD1-A291-B028FB839443}.StagingServer|Any CPU.Build.0 = Release|Any CPU
		{A3B5A40E-0BDB-486D-AC80-2647D7EEDA51}.Debug|Any CPU.ActiveCfg = Debug|Any CPU
		{A3B5A40E-0BDB-486D-AC80-2647D7EEDA51}.Debug|Any CPU.Build.0 = Debug|Any CPU
		{A3B5A40E-0BDB-486D-AC80-2647D7EEDA51}.DevServer|Any CPU.ActiveCfg = Release|Any CPU
		{A3B5A40E-0BDB-486D-AC80-2647D7EEDA51}.DevServer|Any CPU.Build.0 = Release|Any CPU
		{A3B5A40E-0BDB-486D-AC80-2647D7EEDA51}.Release|Any CPU.ActiveCfg = Release|Any CPU
		{A3B5A40E-0BDB-486D-AC80-2647D7EEDA51}.Release|Any CPU.Build.0 = Release|Any CPU
		{A3B5A40E-0BDB-486D-AC80-2647D7EEDA51}.StagingServer|Any CPU.ActiveCfg = Release|Any CPU
		{A3B5A40E-0BDB-486D-AC80-2647D7EEDA51}.StagingServer|Any CPU.Build.0 = Release|Any CPU
		{571B8E30-85DB-454C-8553-985BBE6EFEF4}.Debug|Any CPU.ActiveCfg = Debug|Any CPU
		{571B8E30-85DB-454C-8553-985BBE6EFEF4}.Debug|Any CPU.Build.0 = Debug|Any CPU
		{571B8E30-85DB-454C-8553-985BBE6EFEF4}.DevServer|Any CPU.ActiveCfg = DevServer|Any CPU
		{571B8E30-85DB-454C-8553-985BBE6EFEF4}.DevServer|Any CPU.Build.0 = DevServer|Any CPU
		{571B8E30-85DB-454C-8553-985BBE6EFEF4}.Release|Any CPU.ActiveCfg = Release|Any CPU
		{571B8E30-85DB-454C-8553-985BBE6EFEF4}.Release|Any CPU.Build.0 = Release|Any CPU
		{571B8E30-85DB-454C-8553-985BBE6EFEF4}.StagingServer|Any CPU.ActiveCfg = StagingServer|Any CPU
		{571B8E30-85DB-454C-8553-985BBE6EFEF4}.StagingServer|Any CPU.Build.0 = StagingServer|Any CPU
		{C0D3C6AC-139B-4F14-A11D-3C2BE68B04E4}.Debug|Any CPU.ActiveCfg = Debug|Any CPU
		{C0D3C6AC-139B-4F14-A11D-3C2BE68B04E4}.Debug|Any CPU.Build.0 = Debug|Any CPU
		{C0D3C6AC-139B-4F14-A11D-3C2BE68B04E4}.DevServer|Any CPU.ActiveCfg = DevServer|Any CPU
		{C0D3C6AC-139B-4F14-A11D-3C2BE68B04E4}.DevServer|Any CPU.Build.0 = DevServer|Any CPU
		{C0D3C6AC-139B-4F14-A11D-3C2BE68B04E4}.Release|Any CPU.ActiveCfg = Release|Any CPU
		{C0D3C6AC-139B-4F14-A11D-3C2BE68B04E4}.Release|Any CPU.Build.0 = Release|Any CPU
		{C0D3C6AC-139B-4F14-A11D-3C2BE68B04E4}.StagingServer|Any CPU.ActiveCfg = StagingServer|Any CPU
		{C0D3C6AC-139B-4F14-A11D-3C2BE68B04E4}.StagingServer|Any CPU.Build.0 = StagingServer|Any CPU
		{21B641A4-B363-471C-B964-236896E476CE}.Debug|Any CPU.ActiveCfg = Debug|Any CPU
		{21B641A4-B363-471C-B964-236896E476CE}.Debug|Any CPU.Build.0 = Debug|Any CPU
		{21B641A4-B363-471C-B964-236896E476CE}.DevServer|Any CPU.ActiveCfg = Release|Any CPU
		{21B641A4-B363-471C-B964-236896E476CE}.DevServer|Any CPU.Build.0 = Release|Any CPU
		{21B641A4-B363-471C-B964-236896E476CE}.Release|Any CPU.ActiveCfg = Release|Any CPU
		{21B641A4-B363-471C-B964-236896E476CE}.Release|Any CPU.Build.0 = Release|Any CPU
		{21B641A4-B363-471C-B964-236896E476CE}.StagingServer|Any CPU.ActiveCfg = Release|Any CPU
		{21B641A4-B363-471C-B964-236896E476CE}.StagingServer|Any CPU.Build.0 = Release|Any CPU
		{906FFF47-3060-47C9-87A7-19F525A99B9B}.Debug|Any CPU.ActiveCfg = Debug|Any CPU
		{906FFF47-3060-47C9-87A7-19F525A99B9B}.Debug|Any CPU.Build.0 = Debug|Any CPU
		{906FFF47-3060-47C9-87A7-19F525A99B9B}.DevServer|Any CPU.ActiveCfg = Debug|Any CPU
		{906FFF47-3060-47C9-87A7-19F525A99B9B}.DevServer|Any CPU.Build.0 = Debug|Any CPU
		{906FFF47-3060-47C9-87A7-19F525A99B9B}.Release|Any CPU.ActiveCfg = Release|Any CPU
		{906FFF47-3060-47C9-87A7-19F525A99B9B}.Release|Any CPU.Build.0 = Release|Any CPU
		{906FFF47-3060-47C9-87A7-19F525A99B9B}.StagingServer|Any CPU.ActiveCfg = Debug|Any CPU
		{906FFF47-3060-47C9-87A7-19F525A99B9B}.StagingServer|Any CPU.Build.0 = Debug|Any CPU
		{A152E132-AC48-4A4C-9336-9740F48D7EE8}.Debug|Any CPU.ActiveCfg = Debug|Any CPU
		{A152E132-AC48-4A4C-9336-9740F48D7EE8}.Debug|Any CPU.Build.0 = Debug|Any CPU
		{A152E132-AC48-4A4C-9336-9740F48D7EE8}.DevServer|Any CPU.ActiveCfg = Debug|Any CPU
		{A152E132-AC48-4A4C-9336-9740F48D7EE8}.DevServer|Any CPU.Build.0 = Debug|Any CPU
		{A152E132-AC48-4A4C-9336-9740F48D7EE8}.Release|Any CPU.ActiveCfg = Release|Any CPU
		{A152E132-AC48-4A4C-9336-9740F48D7EE8}.Release|Any CPU.Build.0 = Release|Any CPU
		{A152E132-AC48-4A4C-9336-9740F48D7EE8}.StagingServer|Any CPU.ActiveCfg = Debug|Any CPU
		{A152E132-AC48-4A4C-9336-9740F48D7EE8}.StagingServer|Any CPU.Build.0 = Debug|Any CPU
		{B838DF2B-1B46-46C7-8856-135A780E2FFE}.Debug|Any CPU.ActiveCfg = Debug|Any CPU
		{B838DF2B-1B46-46C7-8856-135A780E2FFE}.Debug|Any CPU.Build.0 = Debug|Any CPU
		{B838DF2B-1B46-46C7-8856-135A780E2FFE}.DevServer|Any CPU.ActiveCfg = DevServer|Any CPU
		{B838DF2B-1B46-46C7-8856-135A780E2FFE}.DevServer|Any CPU.Build.0 = DevServer|Any CPU
		{B838DF2B-1B46-46C7-8856-135A780E2FFE}.Release|Any CPU.ActiveCfg = Release|Any CPU
		{B838DF2B-1B46-46C7-8856-135A780E2FFE}.Release|Any CPU.Build.0 = Release|Any CPU
		{B838DF2B-1B46-46C7-8856-135A780E2FFE}.StagingServer|Any CPU.ActiveCfg = StagingServer|Any CPU
		{B838DF2B-1B46-46C7-8856-135A780E2FFE}.StagingServer|Any CPU.Build.0 = StagingServer|Any CPU
		{DA0AF45C-53AA-4038-BABC-9E2764F0E015}.Debug|Any CPU.ActiveCfg = Debug|Any CPU
		{DA0AF45C-53AA-4038-BABC-9E2764F0E015}.Debug|Any CPU.Build.0 = Debug|Any CPU
		{DA0AF45C-53AA-4038-BABC-9E2764F0E015}.DevServer|Any CPU.ActiveCfg = DevServer|Any CPU
		{DA0AF45C-53AA-4038-BABC-9E2764F0E015}.DevServer|Any CPU.Build.0 = DevServer|Any CPU
		{DA0AF45C-53AA-4038-BABC-9E2764F0E015}.Release|Any CPU.ActiveCfg = Release|Any CPU
		{DA0AF45C-53AA-4038-BABC-9E2764F0E015}.Release|Any CPU.Build.0 = Release|Any CPU
		{DA0AF45C-53AA-4038-BABC-9E2764F0E015}.StagingServer|Any CPU.ActiveCfg = StagingServer|Any CPU
		{DA0AF45C-53AA-4038-BABC-9E2764F0E015}.StagingServer|Any CPU.Build.0 = StagingServer|Any CPU
		{6F42DA1C-AA85-4642-AAA3-28DB5F33C492}.Debug|Any CPU.ActiveCfg = Debug|Any CPU
		{6F42DA1C-AA85-4642-AAA3-28DB5F33C492}.Debug|Any CPU.Build.0 = Debug|Any CPU
		{6F42DA1C-AA85-4642-AAA3-28DB5F33C492}.DevServer|Any CPU.ActiveCfg = DevServer|Any CPU
		{6F42DA1C-AA85-4642-AAA3-28DB5F33C492}.DevServer|Any CPU.Build.0 = DevServer|Any CPU
		{6F42DA1C-AA85-4642-AAA3-28DB5F33C492}.Release|Any CPU.ActiveCfg = Release|Any CPU
		{6F42DA1C-AA85-4642-AAA3-28DB5F33C492}.Release|Any CPU.Build.0 = Release|Any CPU
		{6F42DA1C-AA85-4642-AAA3-28DB5F33C492}.StagingServer|Any CPU.ActiveCfg = StagingServer|Any CPU
		{6F42DA1C-AA85-4642-AAA3-28DB5F33C492}.StagingServer|Any CPU.Build.0 = StagingServer|Any CPU
		{4AE3D367-AF81-4C3C-B592-8CCE6EB8C3A2}.Debug|Any CPU.ActiveCfg = Debug|Any CPU
		{4AE3D367-AF81-4C3C-B592-8CCE6EB8C3A2}.Debug|Any CPU.Build.0 = Debug|Any CPU
		{4AE3D367-AF81-4C3C-B592-8CCE6EB8C3A2}.DevServer|Any CPU.ActiveCfg = DevServer|Any CPU
		{4AE3D367-AF81-4C3C-B592-8CCE6EB8C3A2}.DevServer|Any CPU.Build.0 = DevServer|Any CPU
		{4AE3D367-AF81-4C3C-B592-8CCE6EB8C3A2}.Release|Any CPU.ActiveCfg = Release|Any CPU
		{4AE3D367-AF81-4C3C-B592-8CCE6EB8C3A2}.Release|Any CPU.Build.0 = Release|Any CPU
		{4AE3D367-AF81-4C3C-B592-8CCE6EB8C3A2}.StagingServer|Any CPU.ActiveCfg = StagingServer|Any CPU
		{4AE3D367-AF81-4C3C-B592-8CCE6EB8C3A2}.StagingServer|Any CPU.Build.0 = StagingServer|Any CPU
		{5A888B39-47F9-43B3-AE80-8DFEEB49246C}.Debug|Any CPU.ActiveCfg = Debug|Any CPU
		{5A888B39-47F9-43B3-AE80-8DFEEB49246C}.Debug|Any CPU.Build.0 = Debug|Any CPU
		{5A888B39-47F9-43B3-AE80-8DFEEB49246C}.DevServer|Any CPU.ActiveCfg = DevServer|Any CPU
		{5A888B39-47F9-43B3-AE80-8DFEEB49246C}.DevServer|Any CPU.Build.0 = DevServer|Any CPU
		{5A888B39-47F9-43B3-AE80-8DFEEB49246C}.Release|Any CPU.ActiveCfg = Release|Any CPU
		{5A888B39-47F9-43B3-AE80-8DFEEB49246C}.Release|Any CPU.Build.0 = Release|Any CPU
		{5A888B39-47F9-43B3-AE80-8DFEEB49246C}.StagingServer|Any CPU.ActiveCfg = StagingServer|Any CPU
		{5A888B39-47F9-43B3-AE80-8DFEEB49246C}.StagingServer|Any CPU.Build.0 = StagingServer|Any CPU
		{9350AE6E-4ACA-462C-B981-884073641415}.Debug|Any CPU.ActiveCfg = Debug|Any CPU
		{9350AE6E-4ACA-462C-B981-884073641415}.Debug|Any CPU.Build.0 = Debug|Any CPU
		{9350AE6E-4ACA-462C-B981-884073641415}.DevServer|Any CPU.ActiveCfg = DevServer|Any CPU
		{9350AE6E-4ACA-462C-B981-884073641415}.DevServer|Any CPU.Build.0 = DevServer|Any CPU
		{9350AE6E-4ACA-462C-B981-884073641415}.Release|Any CPU.ActiveCfg = Release|Any CPU
		{9350AE6E-4ACA-462C-B981-884073641415}.Release|Any CPU.Build.0 = Release|Any CPU
		{9350AE6E-4ACA-462C-B981-884073641415}.StagingServer|Any CPU.ActiveCfg = StagingServer|Any CPU
		{9350AE6E-4ACA-462C-B981-884073641415}.StagingServer|Any CPU.Build.0 = StagingServer|Any CPU
		{9458D561-D564-4B52-8713-5435D5F1D83A}.Debug|Any CPU.ActiveCfg = Debug|Any CPU
		{9458D561-D564-4B52-8713-5435D5F1D83A}.Debug|Any CPU.Build.0 = Debug|Any CPU
		{9458D561-D564-4B52-8713-5435D5F1D83A}.DevServer|Any CPU.ActiveCfg = DevServer|Any CPU
		{9458D561-D564-4B52-8713-5435D5F1D83A}.DevServer|Any CPU.Build.0 = DevServer|Any CPU
		{9458D561-D564-4B52-8713-5435D5F1D83A}.Release|Any CPU.ActiveCfg = Release|Any CPU
		{9458D561-D564-4B52-8713-5435D5F1D83A}.Release|Any CPU.Build.0 = Release|Any CPU
		{9458D561-D564-4B52-8713-5435D5F1D83A}.StagingServer|Any CPU.ActiveCfg = StagingServer|Any CPU
		{9458D561-D564-4B52-8713-5435D5F1D83A}.StagingServer|Any CPU.Build.0 = StagingServer|Any CPU
		{52B4F61B-DB8F-4264-B0FA-3AB051D8418B}.Debug|Any CPU.ActiveCfg = Debug|Any CPU
		{52B4F61B-DB8F-4264-B0FA-3AB051D8418B}.Debug|Any CPU.Build.0 = Debug|Any CPU
		{52B4F61B-DB8F-4264-B0FA-3AB051D8418B}.DevServer|Any CPU.ActiveCfg = DevServer|Any CPU
		{52B4F61B-DB8F-4264-B0FA-3AB051D8418B}.DevServer|Any CPU.Build.0 = DevServer|Any CPU
		{52B4F61B-DB8F-4264-B0FA-3AB051D8418B}.Release|Any CPU.ActiveCfg = Release|Any CPU
		{52B4F61B-DB8F-4264-B0FA-3AB051D8418B}.Release|Any CPU.Build.0 = Release|Any CPU
		{52B4F61B-DB8F-4264-B0FA-3AB051D8418B}.StagingServer|Any CPU.ActiveCfg = StagingServer|Any CPU
		{52B4F61B-DB8F-4264-B0FA-3AB051D8418B}.StagingServer|Any CPU.Build.0 = StagingServer|Any CPU
		{BC410DA6-26B5-4BBF-B98C-3D04A78C016B}.Debug|Any CPU.ActiveCfg = Debug|Any CPU
		{BC410DA6-26B5-4BBF-B98C-3D04A78C016B}.Debug|Any CPU.Build.0 = Debug|Any CPU
		{BC410DA6-26B5-4BBF-B98C-3D04A78C016B}.DevServer|Any CPU.ActiveCfg = DevServer|Any CPU
		{BC410DA6-26B5-4BBF-B98C-3D04A78C016B}.DevServer|Any CPU.Build.0 = DevServer|Any CPU
		{BC410DA6-26B5-4BBF-B98C-3D04A78C016B}.Release|Any CPU.ActiveCfg = Release|Any CPU
		{BC410DA6-26B5-4BBF-B98C-3D04A78C016B}.Release|Any CPU.Build.0 = Release|Any CPU
		{BC410DA6-26B5-4BBF-B98C-3D04A78C016B}.StagingServer|Any CPU.ActiveCfg = StagingServer|Any CPU
		{BC410DA6-26B5-4BBF-B98C-3D04A78C016B}.StagingServer|Any CPU.Build.0 = StagingServer|Any CPU
		{B95AC374-7F97-4263-8A17-C24A1AB18617}.Debug|Any CPU.ActiveCfg = Debug|Any CPU
		{B95AC374-7F97-4263-8A17-C24A1AB18617}.Debug|Any CPU.Build.0 = Debug|Any CPU
		{B95AC374-7F97-4263-8A17-C24A1AB18617}.DevServer|Any CPU.ActiveCfg = Debug|Any CPU
		{B95AC374-7F97-4263-8A17-C24A1AB18617}.DevServer|Any CPU.Build.0 = Debug|Any CPU
		{B95AC374-7F97-4263-8A17-C24A1AB18617}.Release|Any CPU.ActiveCfg = Release|Any CPU
		{B95AC374-7F97-4263-8A17-C24A1AB18617}.Release|Any CPU.Build.0 = Release|Any CPU
		{B95AC374-7F97-4263-8A17-C24A1AB18617}.StagingServer|Any CPU.ActiveCfg = Debug|Any CPU
		{B95AC374-7F97-4263-8A17-C24A1AB18617}.StagingServer|Any CPU.Build.0 = Debug|Any CPU
		{DDF9202B-8A79-4E20-8223-8A098B577D81}.Debug|Any CPU.ActiveCfg = Debug|Any CPU
		{DDF9202B-8A79-4E20-8223-8A098B577D81}.Debug|Any CPU.Build.0 = Debug|Any CPU
		{DDF9202B-8A79-4E20-8223-8A098B577D81}.DevServer|Any CPU.ActiveCfg = Debug|Any CPU
		{DDF9202B-8A79-4E20-8223-8A098B577D81}.DevServer|Any CPU.Build.0 = Debug|Any CPU
		{DDF9202B-8A79-4E20-8223-8A098B577D81}.Release|Any CPU.ActiveCfg = Release|Any CPU
		{DDF9202B-8A79-4E20-8223-8A098B577D81}.Release|Any CPU.Build.0 = Release|Any CPU
		{DDF9202B-8A79-4E20-8223-8A098B577D81}.StagingServer|Any CPU.ActiveCfg = Debug|Any CPU
		{DDF9202B-8A79-4E20-8223-8A098B577D81}.StagingServer|Any CPU.Build.0 = Debug|Any CPU
		{A7C2EDAC-DE6B-43D2-B44C-771D15FEAB65}.Debug|Any CPU.ActiveCfg = Debug|Any CPU
		{A7C2EDAC-DE6B-43D2-B44C-771D15FEAB65}.Debug|Any CPU.Build.0 = Debug|Any CPU
		{A7C2EDAC-DE6B-43D2-B44C-771D15FEAB65}.DevServer|Any CPU.ActiveCfg = Debug|Any CPU
		{A7C2EDAC-DE6B-43D2-B44C-771D15FEAB65}.DevServer|Any CPU.Build.0 = Debug|Any CPU
		{A7C2EDAC-DE6B-43D2-B44C-771D15FEAB65}.Release|Any CPU.ActiveCfg = Release|Any CPU
		{A7C2EDAC-DE6B-43D2-B44C-771D15FEAB65}.Release|Any CPU.Build.0 = Release|Any CPU
		{A7C2EDAC-DE6B-43D2-B44C-771D15FEAB65}.StagingServer|Any CPU.ActiveCfg = Debug|Any CPU
		{A7C2EDAC-DE6B-43D2-B44C-771D15FEAB65}.StagingServer|Any CPU.Build.0 = Debug|Any CPU
		{2BA7B959-8938-468A-8A2A-DA63B320A542}.Debug|Any CPU.ActiveCfg = Debug|Any CPU
		{2BA7B959-8938-468A-8A2A-DA63B320A542}.Debug|Any CPU.Build.0 = Debug|Any CPU
		{2BA7B959-8938-468A-8A2A-DA63B320A542}.DevServer|Any CPU.ActiveCfg = Debug|Any CPU
		{2BA7B959-8938-468A-8A2A-DA63B320A542}.DevServer|Any CPU.Build.0 = Debug|Any CPU
		{2BA7B959-8938-468A-8A2A-DA63B320A542}.Release|Any CPU.ActiveCfg = Release|Any CPU
		{2BA7B959-8938-468A-8A2A-DA63B320A542}.Release|Any CPU.Build.0 = Release|Any CPU
		{2BA7B959-8938-468A-8A2A-DA63B320A542}.StagingServer|Any CPU.ActiveCfg = Debug|Any CPU
		{2BA7B959-8938-468A-8A2A-DA63B320A542}.StagingServer|Any CPU.Build.0 = Debug|Any CPU
		{9B90C35F-FA11-49C7-A32F-21A5C6AC36D8}.Debug|Any CPU.ActiveCfg = Debug|Any CPU
		{9B90C35F-FA11-49C7-A32F-21A5C6AC36D8}.Debug|Any CPU.Build.0 = Debug|Any CPU
		{9B90C35F-FA11-49C7-A32F-21A5C6AC36D8}.DevServer|Any CPU.ActiveCfg = Debug|Any CPU
		{9B90C35F-FA11-49C7-A32F-21A5C6AC36D8}.DevServer|Any CPU.Build.0 = Debug|Any CPU
		{9B90C35F-FA11-49C7-A32F-21A5C6AC36D8}.Release|Any CPU.ActiveCfg = Release|Any CPU
		{9B90C35F-FA11-49C7-A32F-21A5C6AC36D8}.Release|Any CPU.Build.0 = Release|Any CPU
		{9B90C35F-FA11-49C7-A32F-21A5C6AC36D8}.StagingServer|Any CPU.ActiveCfg = Debug|Any CPU
		{9B90C35F-FA11-49C7-A32F-21A5C6AC36D8}.StagingServer|Any CPU.Build.0 = Debug|Any CPU
		{57FAAA98-3A73-458C-B237-68AA14494CFA}.Debug|Any CPU.ActiveCfg = Debug|Any CPU
		{57FAAA98-3A73-458C-B237-68AA14494CFA}.Debug|Any CPU.Build.0 = Debug|Any CPU
		{57FAAA98-3A73-458C-B237-68AA14494CFA}.DevServer|Any CPU.ActiveCfg = Debug|Any CPU
		{57FAAA98-3A73-458C-B237-68AA14494CFA}.DevServer|Any CPU.Build.0 = Debug|Any CPU
		{57FAAA98-3A73-458C-B237-68AA14494CFA}.Release|Any CPU.ActiveCfg = Release|Any CPU
		{57FAAA98-3A73-458C-B237-68AA14494CFA}.Release|Any CPU.Build.0 = Release|Any CPU
		{57FAAA98-3A73-458C-B237-68AA14494CFA}.StagingServer|Any CPU.ActiveCfg = Debug|Any CPU
		{57FAAA98-3A73-458C-B237-68AA14494CFA}.StagingServer|Any CPU.Build.0 = Debug|Any CPU
		{F2D0DEA2-1F48-4D9A-BA6E-FA1A727B3A74}.Debug|Any CPU.ActiveCfg = Debug|Any CPU
		{F2D0DEA2-1F48-4D9A-BA6E-FA1A727B3A74}.Debug|Any CPU.Build.0 = Debug|Any CPU
		{F2D0DEA2-1F48-4D9A-BA6E-FA1A727B3A74}.DevServer|Any CPU.ActiveCfg = Debug|Any CPU
		{F2D0DEA2-1F48-4D9A-BA6E-FA1A727B3A74}.DevServer|Any CPU.Build.0 = Debug|Any CPU
		{F2D0DEA2-1F48-4D9A-BA6E-FA1A727B3A74}.Release|Any CPU.ActiveCfg = Release|Any CPU
		{F2D0DEA2-1F48-4D9A-BA6E-FA1A727B3A74}.Release|Any CPU.Build.0 = Release|Any CPU
		{F2D0DEA2-1F48-4D9A-BA6E-FA1A727B3A74}.StagingServer|Any CPU.ActiveCfg = Debug|Any CPU
		{F2D0DEA2-1F48-4D9A-BA6E-FA1A727B3A74}.StagingServer|Any CPU.Build.0 = Debug|Any CPU
		{CA0ADD36-B4B9-485D-94D0-24E7B3E6F440}.Debug|Any CPU.ActiveCfg = Debug|Any CPU
		{CA0ADD36-B4B9-485D-94D0-24E7B3E6F440}.Debug|Any CPU.Build.0 = Debug|Any CPU
		{CA0ADD36-B4B9-485D-94D0-24E7B3E6F440}.DevServer|Any CPU.ActiveCfg = Debug|Any CPU
		{CA0ADD36-B4B9-485D-94D0-24E7B3E6F440}.DevServer|Any CPU.Build.0 = Debug|Any CPU
		{CA0ADD36-B4B9-485D-94D0-24E7B3E6F440}.Release|Any CPU.ActiveCfg = Release|Any CPU
		{CA0ADD36-B4B9-485D-94D0-24E7B3E6F440}.Release|Any CPU.Build.0 = Release|Any CPU
		{CA0ADD36-B4B9-485D-94D0-24E7B3E6F440}.StagingServer|Any CPU.ActiveCfg = Debug|Any CPU
		{CA0ADD36-B4B9-485D-94D0-24E7B3E6F440}.StagingServer|Any CPU.Build.0 = Debug|Any CPU
		{5992141E-5372-4E05-9DC3-A6231C26A005}.Debug|Any CPU.ActiveCfg = Debug|Any CPU
		{5992141E-5372-4E05-9DC3-A6231C26A005}.Debug|Any CPU.Build.0 = Debug|Any CPU
		{5992141E-5372-4E05-9DC3-A6231C26A005}.DevServer|Any CPU.ActiveCfg = Debug|Any CPU
		{5992141E-5372-4E05-9DC3-A6231C26A005}.DevServer|Any CPU.Build.0 = Debug|Any CPU
		{5992141E-5372-4E05-9DC3-A6231C26A005}.Release|Any CPU.ActiveCfg = Release|Any CPU
		{5992141E-5372-4E05-9DC3-A6231C26A005}.Release|Any CPU.Build.0 = Release|Any CPU
		{5992141E-5372-4E05-9DC3-A6231C26A005}.StagingServer|Any CPU.ActiveCfg = Debug|Any CPU
		{5992141E-5372-4E05-9DC3-A6231C26A005}.StagingServer|Any CPU.Build.0 = Debug|Any CPU
		{7224CD39-1BF8-4674-A7F6-D5432660EDC5}.Debug|Any CPU.ActiveCfg = Debug|Any CPU
		{7224CD39-1BF8-4674-A7F6-D5432660EDC5}.Debug|Any CPU.Build.0 = Debug|Any CPU
		{7224CD39-1BF8-4674-A7F6-D5432660EDC5}.DevServer|Any CPU.ActiveCfg = Debug|Any CPU
		{7224CD39-1BF8-4674-A7F6-D5432660EDC5}.DevServer|Any CPU.Build.0 = Debug|Any CPU
		{7224CD39-1BF8-4674-A7F6-D5432660EDC5}.Release|Any CPU.ActiveCfg = Release|Any CPU
		{7224CD39-1BF8-4674-A7F6-D5432660EDC5}.Release|Any CPU.Build.0 = Release|Any CPU
		{7224CD39-1BF8-4674-A7F6-D5432660EDC5}.StagingServer|Any CPU.ActiveCfg = Debug|Any CPU
		{7224CD39-1BF8-4674-A7F6-D5432660EDC5}.StagingServer|Any CPU.Build.0 = Debug|Any CPU
		{B40B726D-13DF-4896-9FE7-74AB4AA47E5D}.Debug|Any CPU.ActiveCfg = Debug|Any CPU
		{B40B726D-13DF-4896-9FE7-74AB4AA47E5D}.Debug|Any CPU.Build.0 = Debug|Any CPU
		{B40B726D-13DF-4896-9FE7-74AB4AA47E5D}.DevServer|Any CPU.ActiveCfg = Debug|Any CPU
		{B40B726D-13DF-4896-9FE7-74AB4AA47E5D}.DevServer|Any CPU.Build.0 = Debug|Any CPU
		{B40B726D-13DF-4896-9FE7-74AB4AA47E5D}.Release|Any CPU.ActiveCfg = Release|Any CPU
		{B40B726D-13DF-4896-9FE7-74AB4AA47E5D}.Release|Any CPU.Build.0 = Release|Any CPU
		{B40B726D-13DF-4896-9FE7-74AB4AA47E5D}.StagingServer|Any CPU.ActiveCfg = Debug|Any CPU
		{B40B726D-13DF-4896-9FE7-74AB4AA47E5D}.StagingServer|Any CPU.Build.0 = Debug|Any CPU
		{F620D128-6AC3-4361-BCBC-1501EA43251E}.Debug|Any CPU.ActiveCfg = Debug|Any CPU
		{F620D128-6AC3-4361-BCBC-1501EA43251E}.Debug|Any CPU.Build.0 = Debug|Any CPU
		{F620D128-6AC3-4361-BCBC-1501EA43251E}.DevServer|Any CPU.ActiveCfg = Debug|Any CPU
		{F620D128-6AC3-4361-BCBC-1501EA43251E}.DevServer|Any CPU.Build.0 = Debug|Any CPU
		{F620D128-6AC3-4361-BCBC-1501EA43251E}.Release|Any CPU.ActiveCfg = Release|Any CPU
		{F620D128-6AC3-4361-BCBC-1501EA43251E}.Release|Any CPU.Build.0 = Release|Any CPU
		{F620D128-6AC3-4361-BCBC-1501EA43251E}.StagingServer|Any CPU.ActiveCfg = Debug|Any CPU
		{F620D128-6AC3-4361-BCBC-1501EA43251E}.StagingServer|Any CPU.Build.0 = Debug|Any CPU
	EndGlobalSection
	GlobalSection(SolutionProperties) = preSolution
		HideSolutionNode = FALSE
	EndGlobalSection
	GlobalSection(NestedProjects) = preSolution
		{77E35F84-8689-42BD-B3E8-0731F4716479} = {3D3099F2-C68C-4256-B203-76B1E090FFBC}
		{B14BCAB6-4DD5-41C7-B5D5-2D18FD958292} = {2B021EAC-CED6-4C60-BDD2-408BA35645B7}
		{7F2B65F6-EA1B-4589-864D-97E9F8B04BC6} = {8782684B-AFD2-4BFC-8E02-5B9F0332A560}
		{8A7ACDD6-97AF-4B56-AF3F-1BEAD980D1CB} = {54BADF7C-BE2C-4485-90A6-D585711E6A6B}
		{047F3476-88B7-45E8-948C-92BFF429A763} = {8782684B-AFD2-4BFC-8E02-5B9F0332A560}
		{B4B020BF-F661-4344-BFCE-10860B2C7C76} = {2B021EAC-CED6-4C60-BDD2-408BA35645B7}
		{F450FB7B-3586-4DDE-8EF9-9FF60557D552} = {A2E62F85-0A9C-40E1-AA13-FCE1CEF48300}
		{75CB10E2-420F-4D49-92F6-76D3AEFE8A16} = {3D3099F2-C68C-4256-B203-76B1E090FFBC}
		{72E58E98-6EEC-48FB-A92E-87DEA6AF98C7} = {C87D127C-FBC2-470F-B5CC-B92943FFB22C}
		{536025B9-8BD2-4BD1-A291-B028FB839443} = {2B021EAC-CED6-4C60-BDD2-408BA35645B7}
		{A9AA5AA2-2AA2-423A-8A28-7A6A54AD1B2F} = {07C7656D-B0CB-4331-AB34-071BFBA8B82E}
		{A3B5A40E-0BDB-486D-AC80-2647D7EEDA51} = {A9AA5AA2-2AA2-423A-8A28-7A6A54AD1B2F}
		{C28D25CA-9294-4CB8-8972-2D1EC676738F} = {07C7656D-B0CB-4331-AB34-071BFBA8B82E}
		{108BF341-8074-4AB3-B14C-4F50C002F9BD} = {07C7656D-B0CB-4331-AB34-071BFBA8B82E}
		{571B8E30-85DB-454C-8553-985BBE6EFEF4} = {C28D25CA-9294-4CB8-8972-2D1EC676738F}
		{C0D3C6AC-139B-4F14-A11D-3C2BE68B04E4} = {108BF341-8074-4AB3-B14C-4F50C002F9BD}
		{21B641A4-B363-471C-B964-236896E476CE} = {07C7656D-B0CB-4331-AB34-071BFBA8B82E}
		{906FFF47-3060-47C9-87A7-19F525A99B9B} = {189AF891-DAF4-4680-80FE-A82DAF863117}
		{A152E132-AC48-4A4C-9336-9740F48D7EE8} = {008DDF27-43F0-46F1-B78F-76E728B86F67}
		{189AF891-DAF4-4680-80FE-A82DAF863117} = {07C7656D-B0CB-4331-AB34-071BFBA8B82E}
		{008DDF27-43F0-46F1-B78F-76E728B86F67} = {07C7656D-B0CB-4331-AB34-071BFBA8B82E}
		{A404D80F-DA5E-49B1-9799-34547D111213} = {07C7656D-B0CB-4331-AB34-071BFBA8B82E}
		{B838DF2B-1B46-46C7-8856-135A780E2FFE} = {A404D80F-DA5E-49B1-9799-34547D111213}
		{DA0AF45C-53AA-4038-BABC-9E2764F0E015} = {A404D80F-DA5E-49B1-9799-34547D111213}
		{6F42DA1C-AA85-4642-AAA3-28DB5F33C492} = {A404D80F-DA5E-49B1-9799-34547D111213}
		{2E61FFD6-6588-4C86-A48E-FC8244675CC9} = {07C7656D-B0CB-4331-AB34-071BFBA8B82E}
		{4AE3D367-AF81-4C3C-B592-8CCE6EB8C3A2} = {2E61FFD6-6588-4C86-A48E-FC8244675CC9}
		{5A888B39-47F9-43B3-AE80-8DFEEB49246C} = {8782684B-AFD2-4BFC-8E02-5B9F0332A560}
		{E41A364C-573B-4462-B402-72E0C594F98B} = {07C7656D-B0CB-4331-AB34-071BFBA8B82E}
		{7895C621-7682-4249-A201-594CD20D15EC} = {07C7656D-B0CB-4331-AB34-071BFBA8B82E}
		{9350AE6E-4ACA-462C-B981-884073641415} = {E41A364C-573B-4462-B402-72E0C594F98B}
		{9458D561-D564-4B52-8713-5435D5F1D83A} = {7895C621-7682-4249-A201-594CD20D15EC}
		{52B4F61B-DB8F-4264-B0FA-3AB051D8418B} = {285867A2-2AF6-4993-AA38-89143E00FB86}
		{BC410DA6-26B5-4BBF-B98C-3D04A78C016B} = {45780333-8791-4683-901B-2DFFF500FE08}
		{B95AC374-7F97-4263-8A17-C24A1AB18617} = {45780333-8791-4683-901B-2DFFF500FE08}
		{DDF9202B-8A79-4E20-8223-8A098B577D81} = {45780333-8791-4683-901B-2DFFF500FE08}
		{A7C2EDAC-DE6B-43D2-B44C-771D15FEAB65} = {8782684B-AFD2-4BFC-8E02-5B9F0332A560}
		{687DE0A4-6AE5-453C-A1DA-E98E665B389E} = {07C7656D-B0CB-4331-AB34-071BFBA8B82E}
		{2BA7B959-8938-468A-8A2A-DA63B320A542} = {687DE0A4-6AE5-453C-A1DA-E98E665B389E}
		{9B90C35F-FA11-49C7-A32F-21A5C6AC36D8} = {687DE0A4-6AE5-453C-A1DA-E98E665B389E}
		{57FAAA98-3A73-458C-B237-68AA14494CFA} = {687DE0A4-6AE5-453C-A1DA-E98E665B389E}
		{F2D0DEA2-1F48-4D9A-BA6E-FA1A727B3A74} = {F39A2F39-FFF2-4C4A-82B2-6279DEBBAB37}
		{CA0ADD36-B4B9-485D-94D0-24E7B3E6F440} = {510BB654-0E84-465C-AA59-C9CE92849BFB}
		{5992141E-5372-4E05-9DC3-A6231C26A005} = {8782684B-AFD2-4BFC-8E02-5B9F0332A560}
		{7224CD39-1BF8-4674-A7F6-D5432660EDC5} = {8782684B-AFD2-4BFC-8E02-5B9F0332A560}
		{B40B726D-13DF-4896-9FE7-74AB4AA47E5D} = {2B021EAC-CED6-4C60-BDD2-408BA35645B7}
		{F620D128-6AC3-4361-BCBC-1501EA43251E} = {8782684B-AFD2-4BFC-8E02-5B9F0332A560}
	EndGlobalSection
	GlobalSection(ExtensibilityGlobals) = postSolution
		SolutionGuid = {0D02A5CD-BDDC-46D1-BF01-4A0C3D7B1E90}
	EndGlobalSection
EndGlobal
